// !$*UTF8*$!
{
	archiveVersion = 1;
	classes = {
	};
	objectVersion = 46;
	objects = {

/* Begin PBXBuildFile section */
		AA022E171C06A0B8001E0E45 /* main.cpp in Sources */ = {isa = PBXBuildFile; fileRef = AA022E161C06A0B8001E0E45 /* main.cpp */; };
		AA022E1E1C06A5D2001E0E45 /* OpenGL.framework in Frameworks */ = {isa = PBXBuildFile; fileRef = AA022E1D1C06A5D2001E0E45 /* OpenGL.framework */; };
		AA022E231C06CDF6001E0E45 /* loadShader.cpp in Sources */ = {isa = PBXBuildFile; fileRef = AA022E211C06CDF6001E0E45 /* loadShader.cpp */; };
		AA8098AE1C07301500C7DEE6 /* libglfw.3.1.dylib in Frameworks */ = {isa = PBXBuildFile; fileRef = AA8098AD1C07301500C7DEE6 /* libglfw.3.1.dylib */; };
		AA8098B01C084EC100C7DEE6 /* libGLEW.1.13.0.dylib in Frameworks */ = {isa = PBXBuildFile; fileRef = AA8098AF1C084EC100C7DEE6 /* libGLEW.1.13.0.dylib */; };
/* End PBXBuildFile section */

/* Begin PBXCopyFilesBuildPhase section */
		AA022E111C06A0B8001E0E45 /* CopyFiles */ = {
			isa = PBXCopyFilesBuildPhase;
			buildActionMask = 2147483647;
			dstPath = /usr/share/man/man1/;
			dstSubfolderSpec = 0;
			files = (
			);
			runOnlyForDeploymentPostprocessing = 1;
		};
/* End PBXCopyFilesBuildPhase section */

/* Begin PBXFileReference section */
		AA022E131C06A0B8001E0E45 /* RayTracer */ = {isa = PBXFileReference; explicitFileType = "compiled.mach-o.executable"; includeInIndex = 0; path = RayTracer; sourceTree = BUILT_PRODUCTS_DIR; };
		AA022E161C06A0B8001E0E45 /* main.cpp */ = {isa = PBXFileReference; lastKnownFileType = sourcecode.cpp.cpp; path = main.cpp; sourceTree = "<group>"; };
		AA022E1D1C06A5D2001E0E45 /* OpenGL.framework */ = {isa = PBXFileReference; lastKnownFileType = wrapper.framework; name = OpenGL.framework; path = System/Library/Frameworks/OpenGL.framework; sourceTree = SDKROOT; };
		AA022E1F1C06A608001E0E45 /* GLUT.framework */ = {isa = PBXFileReference; lastKnownFileType = wrapper.framework; name = GLUT.framework; path = System/Library/Frameworks/GLUT.framework; sourceTree = SDKROOT; };
		AA022E211C06CDF6001E0E45 /* loadShader.cpp */ = {isa = PBXFileReference; fileEncoding = 4; lastKnownFileType = sourcecode.cpp.cpp; path = loadShader.cpp; sourceTree = "<group>"; };
		AA022E221C06CDF6001E0E45 /* loadShader.hpp */ = {isa = PBXFileReference; fileEncoding = 4; lastKnownFileType = sourcecode.cpp.h; path = loadShader.hpp; sourceTree = "<group>"; };
		AA8098A91C06E98300C7DEE6 /* vertex.glsl */ = {isa = PBXFileReference; fileEncoding = 4; lastKnownFileType = text; path = vertex.glsl; sourceTree = "<group>"; };
		AA8098AA1C06E99600C7DEE6 /* fragment.glsl */ = {isa = PBXFileReference; fileEncoding = 4; lastKnownFileType = text; path = fragment.glsl; sourceTree = "<group>"; };
		AA8098AD1C07301500C7DEE6 /* libglfw.3.1.dylib */ = {isa = PBXFileReference; lastKnownFileType = "compiled.mach-o.dylib"; name = libglfw.3.1.dylib; path = ../../../../opt/local/lib/libglfw.3.1.dylib; sourceTree = "<group>"; };
		AA8098AF1C084EC100C7DEE6 /* libGLEW.1.13.0.dylib */ = {isa = PBXFileReference; lastKnownFileType = "compiled.mach-o.dylib"; name = libGLEW.1.13.0.dylib; path = ../../../../usr/local/Cellar/glew/1.13.0/lib/libGLEW.1.13.0.dylib; sourceTree = "<group>"; };
/* End PBXFileReference section */

/* Begin PBXFrameworksBuildPhase section */
		AA022E101C06A0B8001E0E45 /* Frameworks */ = {
			isa = PBXFrameworksBuildPhase;
			buildActionMask = 2147483647;
			files = (
				AA8098B01C084EC100C7DEE6 /* libGLEW.1.13.0.dylib in Frameworks */,
				AA8098AE1C07301500C7DEE6 /* libglfw.3.1.dylib in Frameworks */,
				AA022E1E1C06A5D2001E0E45 /* OpenGL.framework in Frameworks */,
			);
			runOnlyForDeploymentPostprocessing = 0;
		};
/* End PBXFrameworksBuildPhase section */

/* Begin PBXGroup section */
		AA022E0A1C06A0B8001E0E45 = {
			isa = PBXGroup;
			children = (
				AA8098AF1C084EC100C7DEE6 /* libGLEW.1.13.0.dylib */,
				AA8098AD1C07301500C7DEE6 /* libglfw.3.1.dylib */,
				AA022E1F1C06A608001E0E45 /* GLUT.framework */,
				AA022E1D1C06A5D2001E0E45 /* OpenGL.framework */,
				AA022E151C06A0B8001E0E45 /* RayTracer */,
				AA022E141C06A0B8001E0E45 /* Products */,
			);
			sourceTree = "<group>";
		};
		AA022E141C06A0B8001E0E45 /* Products */ = {
			isa = PBXGroup;
			children = (
				AA022E131C06A0B8001E0E45 /* RayTracer */,
			);
			name = Products;
			sourceTree = "<group>";
		};
		AA022E151C06A0B8001E0E45 /* RayTracer */ = {
			isa = PBXGroup;
			children = (
				AA8098A81C06E96C00C7DEE6 /* shaders */,
				AA022E161C06A0B8001E0E45 /* main.cpp */,
				AA022E211C06CDF6001E0E45 /* loadShader.cpp */,
				AA022E221C06CDF6001E0E45 /* loadShader.hpp */,
			);
			path = RayTracer;
			sourceTree = "<group>";
		};
		AA8098A81C06E96C00C7DEE6 /* shaders */ = {
			isa = PBXGroup;
			children = (
				AA8098A91C06E98300C7DEE6 /* vertex.glsl */,
				AA8098AA1C06E99600C7DEE6 /* fragment.glsl */,
			);
			name = shaders;
			sourceTree = "<group>";
		};
/* End PBXGroup section */

/* Begin PBXNativeTarget section */
		AA022E121C06A0B8001E0E45 /* RayTracer */ = {
			isa = PBXNativeTarget;
			buildConfigurationList = AA022E1A1C06A0B8001E0E45 /* Build configuration list for PBXNativeTarget "RayTracer" */;
			buildPhases = (
				AA022E0F1C06A0B8001E0E45 /* Sources */,
				AA022E101C06A0B8001E0E45 /* Frameworks */,
				AA022E111C06A0B8001E0E45 /* CopyFiles */,
			);
			buildRules = (
			);
			dependencies = (
			);
			name = RayTracer;
			productName = RayTracer;
			productReference = AA022E131C06A0B8001E0E45 /* RayTracer */;
			productType = "com.apple.product-type.tool";
		};
/* End PBXNativeTarget section */

/* Begin PBXProject section */
		AA022E0B1C06A0B8001E0E45 /* Project object */ = {
			isa = PBXProject;
			attributes = {
				LastUpgradeCheck = 0710;
				ORGANIZATIONNAME = "Joseph Sample";
				TargetAttributes = {
					AA022E121C06A0B8001E0E45 = {
						CreatedOnToolsVersion = 7.1.1;
					};
				};
			};
			buildConfigurationList = AA022E0E1C06A0B8001E0E45 /* Build configuration list for PBXProject "RayTracer" */;
			compatibilityVersion = "Xcode 3.2";
			developmentRegion = English;
			hasScannedForEncodings = 0;
			knownRegions = (
				en,
			);
			mainGroup = AA022E0A1C06A0B8001E0E45;
			productRefGroup = AA022E141C06A0B8001E0E45 /* Products */;
			projectDirPath = "";
			projectRoot = "";
			targets = (
				AA022E121C06A0B8001E0E45 /* RayTracer */,
			);
		};
/* End PBXProject section */

/* Begin PBXSourcesBuildPhase section */
		AA022E0F1C06A0B8001E0E45 /* Sources */ = {
			isa = PBXSourcesBuildPhase;
			buildActionMask = 2147483647;
			files = (
				AA022E231C06CDF6001E0E45 /* loadShader.cpp in Sources */,
				AA022E171C06A0B8001E0E45 /* main.cpp in Sources */,
			);
			runOnlyForDeploymentPostprocessing = 0;
		};
/* End PBXSourcesBuildPhase section */

/* Begin XCBuildConfiguration section */
		AA022E181C06A0B8001E0E45 /* Debug */ = {
			isa = XCBuildConfiguration;
			buildSettings = {
				ALWAYS_SEARCH_USER_PATHS = NO;
				CLANG_CXX_LANGUAGE_STANDARD = "gnu++0x";
				CLANG_CXX_LIBRARY = "libc++";
				CLANG_ENABLE_MODULES = YES;
				CLANG_ENABLE_OBJC_ARC = YES;
				CLANG_WARN_BOOL_CONVERSION = YES;
				CLANG_WARN_CONSTANT_CONVERSION = YES;
				CLANG_WARN_DIRECT_OBJC_ISA_USAGE = YES_ERROR;
				CLANG_WARN_EMPTY_BODY = YES;
				CLANG_WARN_ENUM_CONVERSION = YES;
				CLANG_WARN_INT_CONVERSION = YES;
				CLANG_WARN_OBJC_ROOT_CLASS = YES_ERROR;
				CLANG_WARN_UNREACHABLE_CODE = YES;
				CLANG_WARN__DUPLICATE_METHOD_MATCH = YES;
				CODE_SIGN_IDENTITY = "-";
				COPY_PHASE_STRIP = NO;
				DEBUG_INFORMATION_FORMAT = dwarf;
				ENABLE_STRICT_OBJC_MSGSEND = YES;
				ENABLE_TESTABILITY = YES;
				GCC_C_LANGUAGE_STANDARD = gnu99;
				GCC_DYNAMIC_NO_PIC = NO;
				GCC_NO_COMMON_BLOCKS = YES;
				GCC_OPTIMIZATION_LEVEL = 0;
				GCC_PREPROCESSOR_DEFINITIONS = (
					"DEBUG=1",
					"$(inherited)",
				);
				GCC_WARN_64_TO_32_BIT_CONVERSION = YES;
				GCC_WARN_ABOUT_RETURN_TYPE = YES_ERROR;
				GCC_WARN_UNDECLARED_SELECTOR = YES;
				GCC_WARN_UNINITIALIZED_AUTOS = YES_AGGRESSIVE;
				GCC_WARN_UNUSED_FUNCTION = YES;
				GCC_WARN_UNUSED_VARIABLE = YES;
				MACOSX_DEPLOYMENT_TARGET = 10.11;
				MTL_ENABLE_DEBUG_INFO = YES;
				ONLY_ACTIVE_ARCH = YES;
				SDKROOT = macosx;
			};
			name = Debug;
		};
		AA022E191C06A0B8001E0E45 /* Release */ = {
			isa = XCBuildConfiguration;
			buildSettings = {
				ALWAYS_SEARCH_USER_PATHS = NO;
				CLANG_CXX_LANGUAGE_STANDARD = "gnu++0x";
				CLANG_CXX_LIBRARY = "libc++";
				CLANG_ENABLE_MODULES = YES;
				CLANG_ENABLE_OBJC_ARC = YES;
				CLANG_WARN_BOOL_CONVERSION = YES;
				CLANG_WARN_CONSTANT_CONVERSION = YES;
				CLANG_WARN_DIRECT_OBJC_ISA_USAGE = YES_ERROR;
				CLANG_WARN_EMPTY_BODY = YES;
				CLANG_WARN_ENUM_CONVERSION = YES;
				CLANG_WARN_INT_CONVERSION = YES;
				CLANG_WARN_OBJC_ROOT_CLASS = YES_ERROR;
				CLANG_WARN_UNREACHABLE_CODE = YES;
				CLANG_WARN__DUPLICATE_METHOD_MATCH = YES;
				CODE_SIGN_IDENTITY = "-";
				COPY_PHASE_STRIP = NO;
				DEBUG_INFORMATION_FORMAT = "dwarf-with-dsym";
				ENABLE_NS_ASSERTIONS = NO;
				ENABLE_STRICT_OBJC_MSGSEND = YES;
				GCC_C_LANGUAGE_STANDARD = gnu99;
				GCC_NO_COMMON_BLOCKS = YES;
				GCC_WARN_64_TO_32_BIT_CONVERSION = YES;
				GCC_WARN_ABOUT_RETURN_TYPE = YES_ERROR;
				GCC_WARN_UNDECLARED_SELECTOR = YES;
				GCC_WARN_UNINITIALIZED_AUTOS = YES_AGGRESSIVE;
				GCC_WARN_UNUSED_FUNCTION = YES;
				GCC_WARN_UNUSED_VARIABLE = YES;
				MACOSX_DEPLOYMENT_TARGET = 10.11;
				MTL_ENABLE_DEBUG_INFO = NO;
				SDKROOT = macosx;
			};
			name = Release;
		};
		AA022E1B1C06A0B8001E0E45 /* Debug */ = {
			isa = XCBuildConfiguration;
			buildSettings = {
				HEADER_SEARCH_PATHS = /usr/local/include;
				LIBRARY_SEARCH_PATHS = (
					"$(inherited)",
					/opt/local/lib,
					/usr/local/Cellar/glew/1.13.0/lib,
				);
				PRODUCT_NAME = "$(TARGET_NAME)";
			};
			name = Debug;
		};
		AA022E1C1C06A0B8001E0E45 /* Release */ = {
			isa = XCBuildConfiguration;
			buildSettings = {
				HEADER_SEARCH_PATHS = /usr/local/include;
				LIBRARY_SEARCH_PATHS = (
					"$(inherited)",
					/opt/local/lib,
					/usr/local/Cellar/glew/1.13.0/lib,
				);
				PRODUCT_NAME = "$(TARGET_NAME)";
			};
			name = Release;
		};
/* End XCBuildConfiguration section */

/* Begin XCConfigurationList section */
		AA022E0E1C06A0B8001E0E45 /* Build configuration list for PBXProject "RayTracer" */ = {
			isa = XCConfigurationList;
			buildConfigurations = (
				AA022E181C06A0B8001E0E45 /* Debug */,
				AA022E191C06A0B8001E0E45 /* Release */,
			);
			defaultConfigurationIsVisible = 0;
			defaultConfigurationName = Release;
		};
		AA022E1A1C06A0B8001E0E45 /* Build configuration list for PBXNativeTarget "RayTracer" */ = {
			isa = XCConfigurationList;
			buildConfigurations = (
				AA022E1B1C06A0B8001E0E45 /* Debug */,
				AA022E1C1C06A0B8001E0E45 /* Release */,
			);
			defaultConfigurationIsVisible = 0;
			defaultConfigurationName = Release;
		};
/* End XCConfigurationList section */
	};
	rootObject = AA022E0B1C06A0B8001E0E45 /* Project object */;
}
